// !$*UTF8*$!
{
	archiveVersion = 1;
	classes = {
	};
	objectVersion = 50;
	objects = {

/* Begin PBXBuildFile section */
		270930FD21F94C8400BCAA63 /* AppDelegate.swift in Sources */ = {isa = PBXBuildFile; fileRef = 270930FC21F94C8400BCAA63 /* AppDelegate.swift */; };
		270930FF21F94C8400BCAA63 /* ToDoListViewController.swift in Sources */ = {isa = PBXBuildFile; fileRef = 270930FE21F94C8400BCAA63 /* ToDoListViewController.swift */; };
		2709310221F94C8400BCAA63 /* Main.storyboard in Resources */ = {isa = PBXBuildFile; fileRef = 2709310021F94C8400BCAA63 /* Main.storyboard */; };
		2709310421F94C8500BCAA63 /* Assets.xcassets in Resources */ = {isa = PBXBuildFile; fileRef = 2709310321F94C8500BCAA63 /* Assets.xcassets */; };
		2709310721F94C8500BCAA63 /* LaunchScreen.storyboard in Resources */ = {isa = PBXBuildFile; fileRef = 2709310521F94C8500BCAA63 /* LaunchScreen.storyboard */; };
		27538C352208D20E00549B1A /* SwipeTableViewController.swift in Sources */ = {isa = PBXBuildFile; fileRef = 27538C342208D20E00549B1A /* SwipeTableViewController.swift */; };
		2779F8002202965F00A2C2FF /* CategoryViewController.swift in Sources */ = {isa = PBXBuildFile; fileRef = 2779F7FF2202965F00A2C2FF /* CategoryViewController.swift */; };
		27D3433B2204D34700712297 /* Item.swift in Sources */ = {isa = PBXBuildFile; fileRef = 27D3433A2204D34700712297 /* Item.swift */; };
		27D3433D2204D36900712297 /* Category.swift in Sources */ = {isa = PBXBuildFile; fileRef = 27D3433C2204D36900712297 /* Category.swift */; };
		62C0FCA94EE958FCAA2A092A /* Pods_KaroNa.framework in Frameworks */ = {isa = PBXBuildFile; fileRef = 739BDD565CBF01BB67C1AD4A /* Pods_KaroNa.framework */; };
/* End PBXBuildFile section */

/* Begin PBXFileReference section */
		0305893368C974458FE28716 /* Pods-KaroNa.debug.xcconfig */ = {isa = PBXFileReference; includeInIndex = 1; lastKnownFileType = text.xcconfig; name = "Pods-KaroNa.debug.xcconfig"; path = "Target Support Files/Pods-KaroNa/Pods-KaroNa.debug.xcconfig"; sourceTree = "<group>"; };
		270930F921F94C8400BCAA63 /* KaroNa.app */ = {isa = PBXFileReference; explicitFileType = wrapper.application; includeInIndex = 0; path = KaroNa.app; sourceTree = BUILT_PRODUCTS_DIR; };
		270930FC21F94C8400BCAA63 /* AppDelegate.swift */ = {isa = PBXFileReference; lastKnownFileType = sourcecode.swift; path = AppDelegate.swift; sourceTree = "<group>"; };
		270930FE21F94C8400BCAA63 /* ToDoListViewController.swift */ = {isa = PBXFileReference; lastKnownFileType = sourcecode.swift; path = ToDoListViewController.swift; sourceTree = "<group>"; };
		2709310121F94C8400BCAA63 /* Base */ = {isa = PBXFileReference; lastKnownFileType = file.storyboard; name = Base; path = Base.lproj/Main.storyboard; sourceTree = "<group>"; };
		2709310321F94C8500BCAA63 /* Assets.xcassets */ = {isa = PBXFileReference; lastKnownFileType = folder.assetcatalog; path = Assets.xcassets; sourceTree = "<group>"; };
		2709310621F94C8500BCAA63 /* Base */ = {isa = PBXFileReference; lastKnownFileType = file.storyboard; name = Base; path = Base.lproj/LaunchScreen.storyboard; sourceTree = "<group>"; };
		2709310821F94C8500BCAA63 /* Info.plist */ = {isa = PBXFileReference; lastKnownFileType = text.plist.xml; path = Info.plist; sourceTree = "<group>"; };
		27538C342208D20E00549B1A /* SwipeTableViewController.swift */ = {isa = PBXFileReference; lastKnownFileType = sourcecode.swift; path = SwipeTableViewController.swift; sourceTree = "<group>"; };
		2779F7FF2202965F00A2C2FF /* CategoryViewController.swift */ = {isa = PBXFileReference; lastKnownFileType = sourcecode.swift; path = CategoryViewController.swift; sourceTree = "<group>"; };
		27D3433A2204D34700712297 /* Item.swift */ = {isa = PBXFileReference; lastKnownFileType = sourcecode.swift; path = Item.swift; sourceTree = "<group>"; };
		27D3433C2204D36900712297 /* Category.swift */ = {isa = PBXFileReference; lastKnownFileType = sourcecode.swift; path = Category.swift; sourceTree = "<group>"; };
		31433585A82F1F9387B984EA /* Pods-KaroNa.release.xcconfig */ = {isa = PBXFileReference; includeInIndex = 1; lastKnownFileType = text.xcconfig; name = "Pods-KaroNa.release.xcconfig"; path = "Target Support Files/Pods-KaroNa/Pods-KaroNa.release.xcconfig"; sourceTree = "<group>"; };
		739BDD565CBF01BB67C1AD4A /* Pods_KaroNa.framework */ = {isa = PBXFileReference; explicitFileType = wrapper.framework; includeInIndex = 0; path = Pods_KaroNa.framework; sourceTree = BUILT_PRODUCTS_DIR; };
/* End PBXFileReference section */

/* Begin PBXFrameworksBuildPhase section */
		270930F621F94C8400BCAA63 /* Frameworks */ = {
			isa = PBXFrameworksBuildPhase;
			buildActionMask = 2147483647;
			files = (
				62C0FCA94EE958FCAA2A092A /* Pods_KaroNa.framework in Frameworks */,
			);
			runOnlyForDeploymentPostprocessing = 0;
		};
/* End PBXFrameworksBuildPhase section */

/* Begin PBXGroup section */
		270930F021F94C8300BCAA63 = {
			isa = PBXGroup;
			children = (
				270930FB21F94C8400BCAA63 /* KaroNa */,
				270930FA21F94C8400BCAA63 /* Products */,
				69297DD9DB6920C62742A3F0 /* Pods */,
				845BBAAFE502E6E029E8A115 /* Frameworks */,
			);
			sourceTree = "<group>";
		};
		270930FA21F94C8400BCAA63 /* Products */ = {
			isa = PBXGroup;
			children = (
				270930F921F94C8400BCAA63 /* KaroNa.app */,
			);
			name = Products;
			sourceTree = "<group>";
		};
		270930FB21F94C8400BCAA63 /* KaroNa */ = {
			isa = PBXGroup;
			children = (
				270930FC21F94C8400BCAA63 /* AppDelegate.swift */,
				270FE6A121FEBD0300A91214 /* Controllers */,
				270FE69C21FEBB9C00A91214 /* Model */,
				2709311421F95DE100BCAA63 /* View */,
				270FE6A221FEBD1C00A91214 /* Supporting Files */,
				2709310821F94C8500BCAA63 /* Info.plist */,
			);
			path = KaroNa;
			sourceTree = "<group>";
		};
		2709311421F95DE100BCAA63 /* View */ = {
			isa = PBXGroup;
			children = (
				2709310021F94C8400BCAA63 /* Main.storyboard */,
			);
			path = View;
			sourceTree = "<group>";
		};
		270FE69C21FEBB9C00A91214 /* Model */ = {
			isa = PBXGroup;
			children = (
				27D3433C2204D36900712297 /* Category.swift */,
				27D3433A2204D34700712297 /* Item.swift */,
			);
			path = Model;
			sourceTree = "<group>";
		};
		270FE6A121FEBD0300A91214 /* Controllers */ = {
			isa = PBXGroup;
			children = (
				27538C342208D20E00549B1A /* SwipeTableViewController.swift */,
				2779F7FF2202965F00A2C2FF /* CategoryViewController.swift */,
				270930FE21F94C8400BCAA63 /* ToDoListViewController.swift */,
			);
			path = Controllers;
			sourceTree = "<group>";
		};
		270FE6A221FEBD1C00A91214 /* Supporting Files */ = {
			isa = PBXGroup;
			children = (
				2709310321F94C8500BCAA63 /* Assets.xcassets */,
				2709310521F94C8500BCAA63 /* LaunchScreen.storyboard */,
			);
			path = "Supporting Files";
			sourceTree = "<group>";
		};
		69297DD9DB6920C62742A3F0 /* Pods */ = {
			isa = PBXGroup;
			children = (
				0305893368C974458FE28716 /* Pods-KaroNa.debug.xcconfig */,
				31433585A82F1F9387B984EA /* Pods-KaroNa.release.xcconfig */,
			);
			path = Pods;
			sourceTree = "<group>";
		};
		845BBAAFE502E6E029E8A115 /* Frameworks */ = {
			isa = PBXGroup;
			children = (
				739BDD565CBF01BB67C1AD4A /* Pods_KaroNa.framework */,
			);
			name = Frameworks;
			sourceTree = "<group>";
		};
/* End PBXGroup section */

/* Begin PBXNativeTarget section */
		270930F821F94C8400BCAA63 /* KaroNa */ = {
			isa = PBXNativeTarget;
			buildConfigurationList = 2709310B21F94C8500BCAA63 /* Build configuration list for PBXNativeTarget "KaroNa" */;
			buildPhases = (
				D894FF59934F4B333BDFEA6E /* [CP] Check Pods Manifest.lock */,
				270930F521F94C8400BCAA63 /* Sources */,
				270930F621F94C8400BCAA63 /* Frameworks */,
				270930F721F94C8400BCAA63 /* Resources */,
				A7F464A3F0E377DB601BFB41 /* [CP] Embed Pods Frameworks */,
			);
			buildRules = (
			);
			dependencies = (
			);
			name = KaroNa;
			productName = KaroNa;
			productReference = 270930F921F94C8400BCAA63 /* KaroNa.app */;
			productType = "com.apple.product-type.application";
		};
/* End PBXNativeTarget section */

/* Begin PBXProject section */
		270930F121F94C8300BCAA63 /* Project object */ = {
			isa = PBXProject;
			attributes = {
				LastSwiftUpdateCheck = 1010;
				LastUpgradeCheck = 1010;
				ORGANIZATIONNAME = Shannthini;
				TargetAttributes = {
					270930F821F94C8400BCAA63 = {
						CreatedOnToolsVersion = 10.1;
					};
				};
			};
			buildConfigurationList = 270930F421F94C8300BCAA63 /* Build configuration list for PBXProject "KaroNa" */;
			compatibilityVersion = "Xcode 9.3";
			developmentRegion = en;
			hasScannedForEncodings = 0;
			knownRegions = (
				en,
				Base,
			);
			mainGroup = 270930F021F94C8300BCAA63;
			productRefGroup = 270930FA21F94C8400BCAA63 /* Products */;
			projectDirPath = "";
			projectRoot = "";
			targets = (
				270930F821F94C8400BCAA63 /* KaroNa */,
			);
		};
/* End PBXProject section */

/* Begin PBXResourcesBuildPhase section */
		270930F721F94C8400BCAA63 /* Resources */ = {
			isa = PBXResourcesBuildPhase;
			buildActionMask = 2147483647;
			files = (
				2709310721F94C8500BCAA63 /* LaunchScreen.storyboard in Resources */,
				2709310421F94C8500BCAA63 /* Assets.xcassets in Resources */,
				2709310221F94C8400BCAA63 /* Main.storyboard in Resources */,
			);
			runOnlyForDeploymentPostprocessing = 0;
		};
/* End PBXResourcesBuildPhase section */

/* Begin PBXShellScriptBuildPhase section */
		A7F464A3F0E377DB601BFB41 /* [CP] Embed Pods Frameworks */ = {
			isa = PBXShellScriptBuildPhase;
			buildActionMask = 2147483647;
			files = (
			);
			inputFileListPaths = (
			);
			inputPaths = (
				"${PODS_ROOT}/Target Support Files/Pods-KaroNa/Pods-KaroNa-frameworks.sh",
				"${BUILT_PRODUCTS_DIR}/ChameleonFramework/ChameleonFramework.framework",
				"${BUILT_PRODUCTS_DIR}/Realm/Realm.framework",
				"${BUILT_PRODUCTS_DIR}/RealmSwift/RealmSwift.framework",
				"${BUILT_PRODUCTS_DIR}/SwipeCellKit/SwipeCellKit.framework",
			);
			name = "[CP] Embed Pods Frameworks";
			outputFileListPaths = (
			);
			outputPaths = (
				"${TARGET_BUILD_DIR}/${FRAMEWORKS_FOLDER_PATH}/ChameleonFramework.framework",
				"${TARGET_BUILD_DIR}/${FRAMEWORKS_FOLDER_PATH}/Realm.framework",
				"${TARGET_BUILD_DIR}/${FRAMEWORKS_FOLDER_PATH}/RealmSwift.framework",
				"${TARGET_BUILD_DIR}/${FRAMEWORKS_FOLDER_PATH}/SwipeCellKit.framework",
			);
			runOnlyForDeploymentPostprocessing = 0;
			shellPath = /bin/sh;
			shellScript = "\"${PODS_ROOT}/Target Support Files/Pods-KaroNa/Pods-KaroNa-frameworks.sh\"\n";
			showEnvVarsInLog = 0;
		};
		D894FF59934F4B333BDFEA6E /* [CP] Check Pods Manifest.lock */ = {
			isa = PBXShellScriptBuildPhase;
			buildActionMask = 2147483647;
			files = (
			);
			inputFileListPaths = (
			);
			inputPaths = (
				"${PODS_PODFILE_DIR_PATH}/Podfile.lock",
				"${PODS_ROOT}/Manifest.lock",
			);
			name = "[CP] Check Pods Manifest.lock";
			outputFileListPaths = (
			);
			outputPaths = (
				"$(DERIVED_FILE_DIR)/Pods-KaroNa-checkManifestLockResult.txt",
			);
			runOnlyForDeploymentPostprocessing = 0;
			shellPath = /bin/sh;
			shellScript = "diff \"${PODS_PODFILE_DIR_PATH}/Podfile.lock\" \"${PODS_ROOT}/Manifest.lock\" > /dev/null\nif [ $? != 0 ] ; then\n    # print error to STDERR\n    echo \"error: The sandbox is not in sync with the Podfile.lock. Run 'pod install' or update your CocoaPods installation.\" >&2\n    exit 1\nfi\n# This output is used by Xcode 'outputs' to avoid re-running this script phase.\necho \"SUCCESS\" > \"${SCRIPT_OUTPUT_FILE_0}\"\n";
			showEnvVarsInLog = 0;
		};
/* End PBXShellScriptBuildPhase section */

/* Begin PBXSourcesBuildPhase section */
		270930F521F94C8400BCAA63 /* Sources */ = {
			isa = PBXSourcesBuildPhase;
			buildActionMask = 2147483647;
			files = (
				27D3433B2204D34700712297 /* Item.swift in Sources */,
				2779F8002202965F00A2C2FF /* CategoryViewController.swift in Sources */,
				270930FF21F94C8400BCAA63 /* ToDoListViewController.swift in Sources */,
				270930FD21F94C8400BCAA63 /* AppDelegate.swift in Sources */,
				27538C352208D20E00549B1A /* SwipeTableViewController.swift in Sources */,
				27D3433D2204D36900712297 /* Category.swift in Sources */,
			);
			runOnlyForDeploymentPostprocessing = 0;
		};
/* End PBXSourcesBuildPhase section */

/* Begin PBXVariantGroup section */
		2709310021F94C8400BCAA63 /* Main.storyboard */ = {
			isa = PBXVariantGroup;
			children = (
				2709310121F94C8400BCAA63 /* Base */,
			);
			name = Main.storyboard;
			sourceTree = "<group>";
		};
		2709310521F94C8500BCAA63 /* LaunchScreen.storyboard */ = {
			isa = PBXVariantGroup;
			children = (
				2709310621F94C8500BCAA63 /* Base */,
			);
			name = LaunchScreen.storyboard;
			sourceTree = "<group>";
		};
/* End PBXVariantGroup section */

/* Begin XCBuildConfiguration section */
		2709310921F94C8500BCAA63 /* Debug */ = {
			isa = XCBuildConfiguration;
			buildSettings = {
				ALWAYS_SEARCH_USER_PATHS = NO;
				CLANG_ANALYZER_NONNULL = YES;
				CLANG_ANALYZER_NUMBER_OBJECT_CONVERSION = YES_AGGRESSIVE;
				CLANG_CXX_LANGUAGE_STANDARD = "gnu++14";
				CLANG_CXX_LIBRARY = "libc++";
				CLANG_ENABLE_MODULES = YES;
				CLANG_ENABLE_OBJC_ARC = YES;
				CLANG_ENABLE_OBJC_WEAK = YES;
				CLANG_WARN_BLOCK_CAPTURE_AUTORELEASING = YES;
				CLANG_WARN_BOOL_CONVERSION = YES;
				CLANG_WARN_COMMA = YES;
				CLANG_WARN_CONSTANT_CONVERSION = YES;
				CLANG_WARN_DEPRECATED_OBJC_IMPLEMENTATIONS = YES;
				CLANG_WARN_DIRECT_OBJC_ISA_USAGE = YES_ERROR;
				CLANG_WARN_DOCUMENTATION_COMMENTS = YES;
				CLANG_WARN_EMPTY_BODY = YES;
				CLANG_WARN_ENUM_CONVERSION = YES;
				CLANG_WARN_INFINITE_RECURSION = YES;
				CLANG_WARN_INT_CONVERSION = YES;
				CLANG_WARN_NON_LITERAL_NULL_CONVERSION = YES;
				CLANG_WARN_OBJC_IMPLICIT_RETAIN_SELF = YES;
				CLANG_WARN_OBJC_LITERAL_CONVERSION = YES;
				CLANG_WARN_OBJC_ROOT_CLASS = YES_ERROR;
				CLANG_WARN_RANGE_LOOP_ANALYSIS = YES;
				CLANG_WARN_STRICT_PROTOTYPES = YES;
				CLANG_WARN_SUSPICIOUS_MOVE = YES;
				CLANG_WARN_UNGUARDED_AVAILABILITY = YES_AGGRESSIVE;
				CLANG_WARN_UNREACHABLE_CODE = YES;
				CLANG_WARN__DUPLICATE_METHOD_MATCH = YES;
				CODE_SIGN_IDENTITY = "iPhone Developer";
				COPY_PHASE_STRIP = NO;
				DEBUG_INFORMATION_FORMAT = dwarf;
				ENABLE_STRICT_OBJC_MSGSEND = YES;
				ENABLE_TESTABILITY = YES;
				GCC_C_LANGUAGE_STANDARD = gnu11;
				GCC_DYNAMIC_NO_PIC = NO;
				GCC_NO_COMMON_BLOCKS = YES;
				GCC_OPTIMIZATION_LEVEL = 0;
				GCC_PREPROCESSOR_DEFINITIONS = (
					"DEBUG=1",
					"$(inherited)",
				);
				GCC_WARN_64_TO_32_BIT_CONVERSION = YES;
				GCC_WARN_ABOUT_RETURN_TYPE = YES_ERROR;
				GCC_WARN_UNDECLARED_SELECTOR = YES;
				GCC_WARN_UNINITIALIZED_AUTOS = YES_AGGRESSIVE;
				GCC_WARN_UNUSED_FUNCTION = YES;
				GCC_WARN_UNUSED_VARIABLE = YES;
				IPHONEOS_DEPLOYMENT_TARGET = 12.1;
				MTL_ENABLE_DEBUG_INFO = INCLUDE_SOURCE;
				MTL_FAST_MATH = YES;
				ONLY_ACTIVE_ARCH = YES;
				SDKROOT = iphoneos;
				SWIFT_ACTIVE_COMPILATION_CONDITIONS = DEBUG;
				SWIFT_OPTIMIZATION_LEVEL = "-Onone";
			};
			name = Debug;
		};
		2709310A21F94C8500BCAA63 /* Release */ = {
			isa = XCBuildConfiguration;
			buildSettings = {
				ALWAYS_SEARCH_USER_PATHS = NO;
				CLANG_ANALYZER_NONNULL = YES;
				CLANG_ANALYZER_NUMBER_OBJECT_CONVERSION = YES_AGGRESSIVE;
				CLANG_CXX_LANGUAGE_STANDARD = "gnu++14";
				CLANG_CXX_LIBRARY = "libc++";
				CLANG_ENABLE_MODULES = YES;
				CLANG_ENABLE_OBJC_ARC = YES;
				CLANG_ENABLE_OBJC_WEAK = YES;
				CLANG_WARN_BLOCK_CAPTURE_AUTORELEASING = YES;
				CLANG_WARN_BOOL_CONVERSION = YES;
				CLANG_WARN_COMMA = YES;
				CLANG_WARN_CONSTANT_CONVERSION = YES;
				CLANG_WARN_DEPRECATED_OBJC_IMPLEMENTATIONS = YES;
				CLANG_WARN_DIRECT_OBJC_ISA_USAGE = YES_ERROR;
				CLANG_WARN_DOCUMENTATION_COMMENTS = YES;
				CLANG_WARN_EMPTY_BODY = YES;
				CLANG_WARN_ENUM_CONVERSION = YES;
				CLANG_WARN_INFINITE_RECURSION = YES;
				CLANG_WARN_INT_CONVERSION = YES;
				CLANG_WARN_NON_LITERAL_NULL_CONVERSION = YES;
				CLANG_WARN_OBJC_IMPLICIT_RETAIN_SELF = YES;
				CLANG_WARN_OBJC_LITERAL_CONVERSION = YES;
				CLANG_WARN_OBJC_ROOT_CLASS = YES_ERROR;
				CLANG_WARN_RANGE_LOOP_ANALYSIS = YES;
				CLANG_WARN_STRICT_PROTOTYPES = YES;
				CLANG_WARN_SUSPICIOUS_MOVE = YES;
				CLANG_WARN_UNGUARDED_AVAILABILITY = YES_AGGRESSIVE;
				CLANG_WARN_UNREACHABLE_CODE = YES;
				CLANG_WARN__DUPLICATE_METHOD_MATCH = YES;
				CODE_SIGN_IDENTITY = "iPhone Developer";
				COPY_PHASE_STRIP = NO;
				DEBUG_INFORMATION_FORMAT = "dwarf-with-dsym";
				ENABLE_NS_ASSERTIONS = NO;
				ENABLE_STRICT_OBJC_MSGSEND = YES;
				GCC_C_LANGUAGE_STANDARD = gnu11;
				GCC_NO_COMMON_BLOCKS = YES;
				GCC_WARN_64_TO_32_BIT_CONVERSION = YES;
				GCC_WARN_ABOUT_RETURN_TYPE = YES_ERROR;
				GCC_WARN_UNDECLARED_SELECTOR = YES;
				GCC_WARN_UNINITIALIZED_AUTOS = YES_AGGRESSIVE;
				GCC_WARN_UNUSED_FUNCTION = YES;
				GCC_WARN_UNUSED_VARIABLE = YES;
				IPHONEOS_DEPLOYMENT_TARGET = 12.1;
				MTL_ENABLE_DEBUG_INFO = NO;
				MTL_FAST_MATH = YES;
				SDKROOT = iphoneos;
				SWIFT_COMPILATION_MODE = wholemodule;
				SWIFT_OPTIMIZATION_LEVEL = "-O";
				VALIDATE_PRODUCT = YES;
			};
			name = Release;
		};
		2709310C21F94C8500BCAA63 /* Debug */ = {
			isa = XCBuildConfiguration;
			baseConfigurationReference = 0305893368C974458FE28716 /* Pods-KaroNa.debug.xcconfig */;
			buildSettings = {
				ASSETCATALOG_COMPILER_APPICON_NAME = AppIcon;
				CODE_SIGN_STYLE = Automatic;
				DEVELOPMENT_TEAM = G32TE46AVG;
				INFOPLIST_FILE = KaroNa/Info.plist;
				LD_RUNPATH_SEARCH_PATHS = (
					"$(inherited)",
					"@executable_path/Frameworks",
				);
				PRODUCT_BUNDLE_IDENTIFIER = com.shannthini.KaroNa;
				PRODUCT_NAME = "$(TARGET_NAME)";
				SWIFT_VERSION = 4.2;
				TARGETED_DEVICE_FAMILY = "1,2";
			};
			name = Debug;
		};
		2709310D21F94C8500BCAA63 /* Release */ = {
			isa = XCBuildConfiguration;
			baseConfigurationReference = 31433585A82F1F9387B984EA /* Pods-KaroNa.release.xcconfig */;
			buildSettings = {
				ASSETCATALOG_COMPILER_APPICON_NAME = AppIcon;
				CODE_SIGN_STYLE = Automatic;
				DEVELOPMENT_TEAM = G32TE46AVG;
				INFOPLIST_FILE = KaroNa/Info.plist;
				LD_RUNPATH_SEARCH_PATHS = (
					"$(inherited)",
					"@executable_path/Frameworks",
				);
				PRODUCT_BUNDLE_IDENTIFIER = com.shannthini.KaroNa;
				PRODUCT_NAME = "$(TARGET_NAME)";
				SWIFT_VERSION = 4.2;
				TARGETED_DEVICE_FAMILY = "1,2";
			};
			name = Release;
		};
/* End XCBuildConfiguration section */

/* Begin XCConfigurationList section */
		270930F421F94C8300BCAA63 /* Build configuration list for PBXProject "KaroNa" */ = {
			isa = XCConfigurationList;
			buildConfigurations = (
				2709310921F94C8500BCAA63 /* Debug */,
				2709310A21F94C8500BCAA63 /* Release */,
			);
			defaultConfigurationIsVisible = 0;
			defaultConfigurationName = Release;
		};
		2709310B21F94C8500BCAA63 /* Build configuration list for PBXNativeTarget "KaroNa" */ = {
			isa = XCConfigurationList;
			buildConfigurations = (
				2709310C21F94C8500BCAA63 /* Debug */,
				2709310D21F94C8500BCAA63 /* Release */,
			);
			defaultConfigurationIsVisible = 0;
			defaultConfigurationName = Release;
		};
/* End XCConfigurationList section */
	};
	rootObject = 270930F121F94C8300BCAA63 /* Project object */;
}
